
Microsoft Visual Studio Solution File, Format Version 12.00
Project("{FAE04EC0-301F-11D3-BF4B-00C04F79EFBC}") = "CakeBuild", "SNoxeGR\ZZCakeBuild\CakeBuild.csproj", "{6CA0311E-4F66-4097-B55E-C58CA672332A}"
EndProject
Project("{FAE04EC0-301F-11D3-BF4B-00C04F79EFBC}") = "SNoxeGR", "SNoxeGR\SNoxeGR\SNoxeGR.csproj", "{609BAFDB-EEEB-4104-87A0-EEF80AE769E1}"
EndProject
Global
	GlobalSection(SolutionConfigurationPlatforms) = preSolution
		Debug|Any CPU = Debug|Any CPU
		Release|Any CPU = Release|Any CPU
	EndGlobalSection
	GlobalSection(ProjectConfigurationPlatforms) = postSolution
		{6CA0311E-4F66-4097-B55E-C58CA672332A}.Debug|Any CPU.ActiveCfg = Debug|Any CPU
		{6CA0311E-4F66-4097-B55E-C58CA672332A}.Debug|Any CPU.Build.0 = Debug|Any CPU
		{6CA0311E-4F66-4097-B55E-C58CA672332A}.Release|Any CPU.ActiveCfg = Release|Any CPU
		{6CA0311E-4F66-4097-B55E-C58CA672332A}.Release|Any CPU.Build.0 = Release|Any CPU
		{609BAFDB-EEEB-4104-87A0-EEF80AE769E1}.Debug|Any CPU.ActiveCfg = Debug|Any CPU
		{609BAFDB-EEEB-4104-87A0-EEF80AE769E1}.Debug|Any CPU.Build.0 = Debug|Any CPU
		{609BAFDB-EEEB-4104-87A0-EEF80AE769E1}.Release|Any CPU.ActiveCfg = Release|Any CPU
		{609BAFDB-EEEB-4104-87A0-EEF80AE769E1}.Release|Any CPU.Build.0 = Release|Any CPU
	EndGlobalSection
EndGlobal
